{
  "originHash" : "e841e78a5d494743d385704333aa3e4acb90dacd3d88e92b3a34a8c1d2f5a9e2",
  "pins" : [
    {
      "identity" : "qrcode",
      "kind" : "remoteSourceControl",
      "location" : "https://github.com/WalletConnect/QRCode",
      "state" : {
        "revision" : "263f280d2c8144adfb0b6676109846cfc8dd552b",
        "version" : "14.3.1"
      }
    },
    {
      "identity" : "reown-swift",
      "kind" : "remoteSourceControl",
      "location" : "https://github.com/reown-com/reown-swift",
      "state" : {
        "branch" : "main",
        "revision" : "9b4fed39b09e9d202888d04da41e0daf50777ea1"
      }
    },
    {
      "identity" : "starscream",
      "kind" : "remoteSourceControl",
      "location" : "https://github.com/daltoniam/Starscream",
      "state" : {
        "branch" : "master",
        "revision" : "c6bfd1af48efcc9a9ad203665db12375ba6b145a"
      }
    },
    {
      "identity" : "swift-qrcode-generator",
      "kind" : "remoteSourceControl",
      "location" : "https://github.com/dagronf/swift-qrcode-generator",
      "state" : {
        "revision" : "5ca09b6a2ad190f94aa3d6ddef45b187f8c0343b",
        "version" : "1.0.3"
      }
    },
    {
      "identity" : "swiftimagereadwrite",
      "kind" : "remoteSourceControl",
      "location" : "https://github.com/dagronf/SwiftImageReadWrite",
      "state" : {
        "revision" : "5596407d1cf61b953b8e658fa8636a471df3c509",
        "version" : "1.1.6"
      }
    },
    {
      "identity" : "wallet-core",
      "kind" : "remoteSourceControl",
      "location" : "https://github.com/trustwallet/wallet-core",
      "state" : {
        "branch" : "master",
        "revision" : "62ef27c56c6769b3aec3c5167d925dc085646a5c"
      }
    },
    {
      "identity" : "wallet-mobile-sdk",
      "kind" : "remoteSourceControl",
      "location" : "https://github.com/MobileWalletProtocol/wallet-mobile-sdk",
      "state" : {
        "revision" : "4293df51d3500b8e876ca4bf0d7548adf097569a",
        "version" : "1.1.2"
      }
    },
    {
      "identity" : "yttrium",
      "kind" : "remoteSourceControl",
      "location" : "https://github.com/reown-com/yttrium",
      "state" : {
        "revision" : "083e30289e343b80f8b171fcadcabb71dd967bf2",
        "version" : "0.10.52"
      }
    }
  ],
  "version" : 3
}
